// !$*UTF8*$!
{
	archiveVersion = 1;
	classes = {
	};
	objectVersion = 50;
	objects = {

/* Begin PBXBuildFile section */
		3DBCD53A232C37FE002A8974 /* AppDelegate.swift in Sources */ = {isa = PBXBuildFile; fileRef = 3DBCD539232C37FE002A8974 /* AppDelegate.swift */; };
		3DBCD53C232C37FE002A8974 /* ViewController.swift in Sources */ = {isa = PBXBuildFile; fileRef = 3DBCD53B232C37FE002A8974 /* ViewController.swift */; };
		3DBCD53F232C37FE002A8974 /* Main.storyboard in Resources */ = {isa = PBXBuildFile; fileRef = 3DBCD53D232C37FE002A8974 /* Main.storyboard */; };
		3DBCD541232C3803002A8974 /* Assets.xcassets in Resources */ = {isa = PBXBuildFile; fileRef = 3DBCD540232C3803002A8974 /* Assets.xcassets */; };
		3DBCD544232C3803002A8974 /* LaunchScreen.storyboard in Resources */ = {isa = PBXBuildFile; fileRef = 3DBCD542232C3803002A8974 /* LaunchScreen.storyboard */; };
		3DBCD54F232C3804002A8974 /* TableViewTests.swift in Sources */ = {isa = PBXBuildFile; fileRef = 3DBCD54E232C3804002A8974 /* TableViewTests.swift */; };
		3DBCD55A232C3804002A8974 /* TableViewUITests.swift in Sources */ = {isa = PBXBuildFile; fileRef = 3DBCD559232C3804002A8974 /* TableViewUITests.swift */; };
		3DBCD568232C3F10002A8974 /* CeldaAlumnoController.swift in Sources */ = {isa = PBXBuildFile; fileRef = 3DBCD567232C3F10002A8974 /* CeldaAlumnoController.swift */; };
/* End PBXBuildFile section */

/* Begin PBXContainerItemProxy section */
		3DBCD54B232C3804002A8974 /* PBXContainerItemProxy */ = {
			isa = PBXContainerItemProxy;
			containerPortal = 3DBCD52E232C37FE002A8974 /* Project object */;
			proxyType = 1;
			remoteGlobalIDString = 3DBCD535232C37FE002A8974;
			remoteInfo = TableView;
		};
		3DBCD556232C3804002A8974 /* PBXContainerItemProxy */ = {
			isa = PBXContainerItemProxy;
			containerPortal = 3DBCD52E232C37FE002A8974 /* Project object */;
			proxyType = 1;
			remoteGlobalIDString = 3DBCD535232C37FE002A8974;
			remoteInfo = TableView;
		};
/* End PBXContainerItemProxy section */

/* Begin PBXFileReference section */
		3DBCD536232C37FE002A8974 /* TableView.app */ = {isa = PBXFileReference; explicitFileType = wrapper.application; includeInIndex = 0; path = TableView.app; sourceTree = BUILT_PRODUCTS_DIR; };
		3DBCD539232C37FE002A8974 /* AppDelegate.swift */ = {isa = PBXFileReference; lastKnownFileType = sourcecode.swift; path = AppDelegate.swift; sourceTree = "<group>"; };
		3DBCD53B232C37FE002A8974 /* ViewController.swift */ = {isa = PBXFileReference; lastKnownFileType = sourcecode.swift; path = ViewController.swift; sourceTree = "<group>"; };
		3DBCD53E232C37FE002A8974 /* Base */ = {isa = PBXFileReference; lastKnownFileType = file.storyboard; name = Base; path = Base.lproj/Main.storyboard; sourceTree = "<group>"; };
		3DBCD540232C3803002A8974 /* Assets.xcassets */ = {isa = PBXFileReference; lastKnownFileType = folder.assetcatalog; path = Assets.xcassets; sourceTree = "<group>"; };
		3DBCD543232C3803002A8974 /* Base */ = {isa = PBXFileReference; lastKnownFileType = file.storyboard; name = Base; path = Base.lproj/LaunchScreen.storyboard; sourceTree = "<group>"; };
		3DBCD545232C3804002A8974 /* Info.plist */ = {isa = PBXFileReference; lastKnownFileType = text.plist.xml; path = Info.plist; sourceTree = "<group>"; };
		3DBCD54A232C3804002A8974 /* TableViewTests.xctest */ = {isa = PBXFileReference; explicitFileType = wrapper.cfbundle; includeInIndex = 0; path = TableViewTests.xctest; sourceTree = BUILT_PRODUCTS_DIR; };
		3DBCD54E232C3804002A8974 /* TableViewTests.swift */ = {isa = PBXFileReference; lastKnownFileType = sourcecode.swift; path = TableViewTests.swift; sourceTree = "<group>"; };
		3DBCD550232C3804002A8974 /* Info.plist */ = {isa = PBXFileReference; lastKnownFileType = text.plist.xml; path = Info.plist; sourceTree = "<group>"; };
		3DBCD555232C3804002A8974 /* TableViewUITests.xctest */ = {isa = PBXFileReference; explicitFileType = wrapper.cfbundle; includeInIndex = 0; path = TableViewUITests.xctest; sourceTree = BUILT_PRODUCTS_DIR; };
		3DBCD559232C3804002A8974 /* TableViewUITests.swift */ = {isa = PBXFileReference; lastKnownFileType = sourcecode.swift; path = TableViewUITests.swift; sourceTree = "<group>"; };
		3DBCD55B232C3804002A8974 /* Info.plist */ = {isa = PBXFileReference; lastKnownFileType = text.plist.xml; path = Info.plist; sourceTree = "<group>"; };
		3DBCD567232C3F10002A8974 /* CeldaAlumnoController.swift */ = {isa = PBXFileReference; lastKnownFileType = sourcecode.swift; path = CeldaAlumnoController.swift; sourceTree = "<group>"; };
/* End PBXFileReference section */

/* Begin PBXFrameworksBuildPhase section */
		3DBCD533232C37FE002A8974 /* Frameworks */ = {
			isa = PBXFrameworksBuildPhase;
			buildActionMask = 2147483647;
			files = (
			);
			runOnlyForDeploymentPostprocessing = 0;
		};
		3DBCD547232C3804002A8974 /* Frameworks */ = {
			isa = PBXFrameworksBuildPhase;
			buildActionMask = 2147483647;
			files = (
			);
			runOnlyForDeploymentPostprocessing = 0;
		};
		3DBCD552232C3804002A8974 /* Frameworks */ = {
			isa = PBXFrameworksBuildPhase;
			buildActionMask = 2147483647;
			files = (
			);
			runOnlyForDeploymentPostprocessing = 0;
		};
/* End PBXFrameworksBuildPhase section */

/* Begin PBXGroup section */
		3DBCD52D232C37FE002A8974 = {
			isa = PBXGroup;
			children = (
				3DBCD538232C37FE002A8974 /* TableView */,
				3DBCD54D232C3804002A8974 /* TableViewTests */,
				3DBCD558232C3804002A8974 /* TableViewUITests */,
				3DBCD537232C37FE002A8974 /* Products */,
			);
			sourceTree = "<group>";
		};
		3DBCD537232C37FE002A8974 /* Products */ = {
			isa = PBXGroup;
			children = (
				3DBCD536232C37FE002A8974 /* TableView.app */,
				3DBCD54A232C3804002A8974 /* TableViewTests.xctest */,
				3DBCD555232C3804002A8974 /* TableViewUITests.xctest */,
			);
			name = Products;
			sourceTree = "<group>";
		};
		3DBCD538232C37FE002A8974 /* TableView */ = {
			isa = PBXGroup;
			children = (
				3DBCD539232C37FE002A8974 /* AppDelegate.swift */,
				3DBCD53B232C37FE002A8974 /* ViewController.swift */,
				3DBCD53D232C37FE002A8974 /* Main.storyboard */,
				3DBCD540232C3803002A8974 /* Assets.xcassets */,
				3DBCD542232C3803002A8974 /* LaunchScreen.storyboard */,
				3DBCD545232C3804002A8974 /* Info.plist */,
				3DBCD567232C3F10002A8974 /* CeldaAlumnoController.swift */,
			);
			path = TableView;
			sourceTree = "<group>";
		};
		3DBCD54D232C3804002A8974 /* TableViewTests */ = {
			isa = PBXGroup;
			children = (
				3DBCD54E232C3804002A8974 /* TableViewTests.swift */,
				3DBCD550232C3804002A8974 /* Info.plist */,
			);
			path = TableViewTests;
			sourceTree = "<group>";
		};
		3DBCD558232C3804002A8974 /* TableViewUITests */ = {
			isa = PBXGroup;
			children = (
				3DBCD559232C3804002A8974 /* TableViewUITests.swift */,
				3DBCD55B232C3804002A8974 /* Info.plist */,
			);
			path = TableViewUITests;
			sourceTree = "<group>";
		};
/* End PBXGroup section */

/* Begin PBXNativeTarget section */
		3DBCD535232C37FE002A8974 /* TableView */ = {
			isa = PBXNativeTarget;
			buildConfigurationList = 3DBCD55E232C3804002A8974 /* Build configuration list for PBXNativeTarget "TableView" */;
			buildPhases = (
				3DBCD532232C37FE002A8974 /* Sources */,
				3DBCD533232C37FE002A8974 /* Frameworks */,
				3DBCD534232C37FE002A8974 /* Resources */,
			);
			buildRules = (
			);
			dependencies = (
			);
			name = TableView;
			productName = TableView;
			productReference = 3DBCD536232C37FE002A8974 /* TableView.app */;
			productType = "com.apple.product-type.application";
		};
		3DBCD549232C3804002A8974 /* TableViewTests */ = {
			isa = PBXNativeTarget;
			buildConfigurationList = 3DBCD561232C3804002A8974 /* Build configuration list for PBXNativeTarget "TableViewTests" */;
			buildPhases = (
				3DBCD546232C3804002A8974 /* Sources */,
				3DBCD547232C3804002A8974 /* Frameworks */,
				3DBCD548232C3804002A8974 /* Resources */,
			);
			buildRules = (
			);
			dependencies = (
				3DBCD54C232C3804002A8974 /* PBXTargetDependency */,
			);
			name = TableViewTests;
			productName = TableViewTests;
			productReference = 3DBCD54A232C3804002A8974 /* TableViewTests.xctest */;
			productType = "com.apple.product-type.bundle.unit-test";
		};
		3DBCD554232C3804002A8974 /* TableViewUITests */ = {
			isa = PBXNativeTarget;
			buildConfigurationList = 3DBCD564232C3804002A8974 /* Build configuration list for PBXNativeTarget "TableViewUITests" */;
			buildPhases = (
				3DBCD551232C3804002A8974 /* Sources */,
				3DBCD552232C3804002A8974 /* Frameworks */,
				3DBCD553232C3804002A8974 /* Resources */,
			);
			buildRules = (
			);
			dependencies = (
				3DBCD557232C3804002A8974 /* PBXTargetDependency */,
			);
			name = TableViewUITests;
			productName = TableViewUITests;
			productReference = 3DBCD555232C3804002A8974 /* TableViewUITests.xctest */;
			productType = "com.apple.product-type.bundle.ui-testing";
		};
/* End PBXNativeTarget section */

/* Begin PBXProject section */
		3DBCD52E232C37FE002A8974 /* Project object */ = {
			isa = PBXProject;
			attributes = {
				LastSwiftUpdateCheck = 1030;
				LastUpgradeCheck = 1030;
				ORGANIZATIONNAME = fer;
				TargetAttributes = {
					3DBCD535232C37FE002A8974 = {
						CreatedOnToolsVersion = 10.3;
					};
					3DBCD549232C3804002A8974 = {
						CreatedOnToolsVersion = 10.3;
						TestTargetID = 3DBCD535232C37FE002A8974;
					};
					3DBCD554232C3804002A8974 = {
						CreatedOnToolsVersion = 10.3;
						TestTargetID = 3DBCD535232C37FE002A8974;
					};
				};
			};
			buildConfigurationList = 3DBCD531232C37FE002A8974 /* Build configuration list for PBXProject "TableView" */;
			compatibilityVersion = "Xcode 9.3";
			developmentRegion = en;
			hasScannedForEncodings = 0;
			knownRegions = (
				en,
				Base,
			);
			mainGroup = 3DBCD52D232C37FE002A8974;
			productRefGroup = 3DBCD537232C37FE002A8974 /* Products */;
			projectDirPath = "";
			projectRoot = "";
			targets = (
				3DBCD535232C37FE002A8974 /* TableView */,
				3DBCD549232C3804002A8974 /* TableViewTests */,
				3DBCD554232C3804002A8974 /* TableViewUITests */,
			);
		};
/* End PBXProject section */

/* Begin PBXResourcesBuildPhase section */
		3DBCD534232C37FE002A8974 /* Resources */ = {
			isa = PBXResourcesBuildPhase;
			buildActionMask = 2147483647;
			files = (
				3DBCD544232C3803002A8974 /* LaunchScreen.storyboard in Resources */,
				3DBCD541232C3803002A8974 /* Assets.xcassets in Resources */,
				3DBCD53F232C37FE002A8974 /* Main.storyboard in Resources */,
			);
			runOnlyForDeploymentPostprocessing = 0;
		};
		3DBCD548232C3804002A8974 /* Resources */ = {
			isa = PBXResourcesBuildPhase;
			buildActionMask = 2147483647;
			files = (
			);
			runOnlyForDeploymentPostprocessing = 0;
		};
		3DBCD553232C3804002A8974 /* Resources */ = {
			isa = PBXResourcesBuildPhase;
			buildActionMask = 2147483647;
			files = (
			);
			runOnlyForDeploymentPostprocessing = 0;
		};
/* End PBXResourcesBuildPhase section */

/* Begin PBXSourcesBuildPhase section */
		3DBCD532232C37FE002A8974 /* Sources */ = {
			isa = PBXSourcesBuildPhase;
			buildActionMask = 2147483647;
			files = (
				3DBCD53C232C37FE002A8974 /* ViewController.swift in Sources */,
				3DBCD53A232C37FE002A8974 /* AppDelegate.swift in Sources */,
				3DBCD568232C3F10002A8974 /* CeldaAlumnoController.swift in Sources */,
			);
			runOnlyForDeploymentPostprocessing = 0;
		};
		3DBCD546232C3804002A8974 /* Sources */ = {
			isa = PBXSourcesBuildPhase;
			buildActionMask = 2147483647;
			files = (
				3DBCD54F232C3804002A8974 /* TableViewTests.swift in Sources */,
			);
			runOnlyForDeploymentPostprocessing = 0;
		};
		3DBCD551232C3804002A8974 /* Sources */ = {
			isa = PBXSourcesBuildPhase;
			buildActionMask = 2147483647;
			files = (
				3DBCD55A232C3804002A8974 /* TableViewUITests.swift in Sources */,
			);
			runOnlyForDeploymentPostprocessing = 0;
		};
/* End PBXSourcesBuildPhase section */

/* Begin PBXTargetDependency section */
		3DBCD54C232C3804002A8974 /* PBXTargetDependency */ = {
			isa = PBXTargetDependency;
			target = 3DBCD535232C37FE002A8974 /* TableView */;
			targetProxy = 3DBCD54B232C3804002A8974 /* PBXContainerItemProxy */;
		};
		3DBCD557232C3804002A8974 /* PBXTargetDependency */ = {
			isa = PBXTargetDependency;
			target = 3DBCD535232C37FE002A8974 /* TableView */;
			targetProxy = 3DBCD556232C3804002A8974 /* PBXContainerItemProxy */;
		};
/* End PBXTargetDependency section */

/* Begin PBXVariantGroup section */
		3DBCD53D232C37FE002A8974 /* Main.storyboard */ = {
			isa = PBXVariantGroup;
			children = (
				3DBCD53E232C37FE002A8974 /* Base */,
			);
			name = Main.storyboard;
			sourceTree = "<group>";
		};
		3DBCD542232C3803002A8974 /* LaunchScreen.storyboard */ = {
			isa = PBXVariantGroup;
			children = (
				3DBCD543232C3803002A8974 /* Base */,
			);
			name = LaunchScreen.storyboard;
			sourceTree = "<group>";
		};
/* End PBXVariantGroup section */

/* Begin XCBuildConfiguration section */
		3DBCD55C232C3804002A8974 /* Debug */ = {
			isa = XCBuildConfiguration;
			buildSettings = {
				ALWAYS_SEARCH_USER_PATHS = NO;
				CLANG_ANALYZER_NONNULL = YES;
				CLANG_ANALYZER_NUMBER_OBJECT_CONVERSION = YES_AGGRESSIVE;
				CLANG_CXX_LANGUAGE_STANDARD = "gnu++14";
				CLANG_CXX_LIBRARY = "libc++";
				CLANG_ENABLE_MODULES = YES;
				CLANG_ENABLE_OBJC_ARC = YES;
				CLANG_ENABLE_OBJC_WEAK = YES;
				CLANG_WARN_BLOCK_CAPTURE_AUTORELEASING = YES;
				CLANG_WARN_BOOL_CONVERSION = YES;
				CLANG_WARN_COMMA = YES;
				CLANG_WARN_CONSTANT_CONVERSION = YES;
				CLANG_WARN_DEPRECATED_OBJC_IMPLEMENTATIONS = YES;
				CLANG_WARN_DIRECT_OBJC_ISA_USAGE = YES_ERROR;
				CLANG_WARN_DOCUMENTATION_COMMENTS = YES;
				CLANG_WARN_EMPTY_BODY = YES;
				CLANG_WARN_ENUM_CONVERSION = YES;
				CLANG_WARN_INFINITE_RECURSION = YES;
				CLANG_WARN_INT_CONVERSION = YES;
				CLANG_WARN_NON_LITERAL_NULL_CONVERSION = YES;
				CLANG_WARN_OBJC_IMPLICIT_RETAIN_SELF = YES;
				CLANG_WARN_OBJC_LITERAL_CONVERSION = YES;
				CLANG_WARN_OBJC_ROOT_CLASS = YES_ERROR;
				CLANG_WARN_RANGE_LOOP_ANALYSIS = YES;
				CLANG_WARN_STRICT_PROTOTYPES = YES;
				CLANG_WARN_SUSPICIOUS_MOVE = YES;
				CLANG_WARN_UNGUARDED_AVAILABILITY = YES_AGGRESSIVE;
				CLANG_WARN_UNREACHABLE_CODE = YES;
				CLANG_WARN__DUPLICATE_METHOD_MATCH = YES;
				CODE_SIGN_IDENTITY = "iPhone Developer";
				COPY_PHASE_STRIP = NO;
				DEBUG_INFORMATION_FORMAT = dwarf;
				ENABLE_STRICT_OBJC_MSGSEND = YES;
				ENABLE_TESTABILITY = YES;
				GCC_C_LANGUAGE_STANDARD = gnu11;
				GCC_DYNAMIC_NO_PIC = NO;
				GCC_NO_COMMON_BLOCKS = YES;
				GCC_OPTIMIZATION_LEVEL = 0;
				GCC_PREPROCESSOR_DEFINITIONS = (
					"DEBUG=1",
					"$(inherited)",
				);
				GCC_WARN_64_TO_32_BIT_CONVERSION = YES;
				GCC_WARN_ABOUT_RETURN_TYPE = YES_ERROR;
				GCC_WARN_UNDECLARED_SELECTOR = YES;
				GCC_WARN_UNINITIALIZED_AUTOS = YES_AGGRESSIVE;
				GCC_WARN_UNUSED_FUNCTION = YES;
				GCC_WARN_UNUSED_VARIABLE = YES;
				IPHONEOS_DEPLOYMENT_TARGET = 12.4;
				MTL_ENABLE_DEBUG_INFO = INCLUDE_SOURCE;
				MTL_FAST_MATH = YES;
				ONLY_ACTIVE_ARCH = YES;
				SDKROOT = iphoneos;
				SWIFT_ACTIVE_COMPILATION_CONDITIONS = DEBUG;
				SWIFT_OPTIMIZATION_LEVEL = "-Onone";
			};
			name = Debug;
		};
		3DBCD55D232C3804002A8974 /* Release */ = {
			isa = XCBuildConfiguration;
			buildSettings = {
				ALWAYS_SEARCH_USER_PATHS = NO;
				CLANG_ANALYZER_NONNULL = YES;
				CLANG_ANALYZER_NUMBER_OBJECT_CONVERSION = YES_AGGRESSIVE;
				CLANG_CXX_LANGUAGE_STANDARD = "gnu++14";
				CLANG_CXX_LIBRARY = "libc++";
				CLANG_ENABLE_MODULES = YES;
				CLANG_ENABLE_OBJC_ARC = YES;
				CLANG_ENABLE_OBJC_WEAK = YES;
				CLANG_WARN_BLOCK_CAPTURE_AUTORELEASING = YES;
				CLANG_WARN_BOOL_CONVERSION = YES;
				CLANG_WARN_COMMA = YES;
				CLANG_WARN_CONSTANT_CONVERSION = YES;
				CLANG_WARN_DEPRECATED_OBJC_IMPLEMENTATIONS = YES;
				CLANG_WARN_DIRECT_OBJC_ISA_USAGE = YES_ERROR;
				CLANG_WARN_DOCUMENTATION_COMMENTS = YES;
				CLANG_WARN_EMPTY_BODY = YES;
				CLANG_WARN_ENUM_CONVERSION = YES;
				CLANG_WARN_INFINITE_RECURSION = YES;
				CLANG_WARN_INT_CONVERSION = YES;
				CLANG_WARN_NON_LITERAL_NULL_CONVERSION = YES;
				CLANG_WARN_OBJC_IMPLICIT_RETAIN_SELF = YES;
				CLANG_WARN_OBJC_LITERAL_CONVERSION = YES;
				CLANG_WARN_OBJC_ROOT_CLASS = YES_ERROR;
				CLANG_WARN_RANGE_LOOP_ANALYSIS = YES;
				CLANG_WARN_STRICT_PROTOTYPES = YES;
				CLANG_WARN_SUSPICIOUS_MOVE = YES;
				CLANG_WARN_UNGUARDED_AVAILABILITY = YES_AGGRESSIVE;
				CLANG_WARN_UNREACHABLE_CODE = YES;
				CLANG_WARN__DUPLICATE_METHOD_MATCH = YES;
				CODE_SIGN_IDENTITY = "iPhone Developer";
				COPY_PHASE_STRIP = NO;
				DEBUG_INFORMATION_FORMAT = "dwarf-with-dsym";
				ENABLE_NS_ASSERTIONS = NO;
				ENABLE_STRICT_OBJC_MSGSEND = YES;
				GCC_C_LANGUAGE_STANDARD = gnu11;
				GCC_NO_COMMON_BLOCKS = YES;
				GCC_WARN_64_TO_32_BIT_CONVERSION = YES;
				GCC_WARN_ABOUT_RETURN_TYPE = YES_ERROR;
				GCC_WARN_UNDECLARED_SELECTOR = YES;
				GCC_WARN_UNINITIALIZED_AUTOS = YES_AGGRESSIVE;
				GCC_WARN_UNUSED_FUNCTION = YES;
				GCC_WARN_UNUSED_VARIABLE = YES;
				IPHONEOS_DEPLOYMENT_TARGET = 12.4;
				MTL_ENABLE_DEBUG_INFO = NO;
				MTL_FAST_MATH = YES;
				SDKROOT = iphoneos;
				SWIFT_COMPILATION_MODE = wholemodule;
				SWIFT_OPTIMIZATION_LEVEL = "-O";
				VALIDATE_PRODUCT = YES;
			};
			name = Release;
		};
		3DBCD55F232C3804002A8974 /* Debug */ = {
			isa = XCBuildConfiguration;
			buildSettings = {
				ASSETCATALOG_COMPILER_APPICON_NAME = AppIcon;
				CODE_SIGN_STYLE = Automatic;
				INFOPLIST_FILE = TableView/Info.plist;
				LD_RUNPATH_SEARCH_PATHS = (
					"$(inherited)",
					"@executable_path/Frameworks",
				);
				PRODUCT_BUNDLE_IDENTIFIER = mx.fer.TableView;
				PRODUCT_NAME = "$(TARGET_NAME)";
				SWIFT_VERSION = 5.0;
				TARGETED_DEVICE_FAMILY = "1,2";
			};
			name = Debug;
		};
		3DBCD560232C3804002A8974 /* Release */ = {
			isa = XCBuildConfiguration;
			buildSettings = {
				ASSETCATALOG_COMPILER_APPICON_NAME = AppIcon;
				CODE_SIGN_STYLE = Automatic;
				INFOPLIST_FILE = TableView/Info.plist;
				LD_RUNPATH_SEARCH_PATHS = (
					"$(inherited)",
					"@executable_path/Frameworks",
				);
				PRODUCT_BUNDLE_IDENTIFIER = mx.fer.TableView;
				PRODUCT_NAME = "$(TARGET_NAME)";
				SWIFT_VERSION = 5.0;
				TARGETED_DEVICE_FAMILY = "1,2";
			};
			name = Release;
		};
		3DBCD562232C3804002A8974 /* Debug */ = {
			isa = XCBuildConfiguration;
			buildSettings = {
				ALWAYS_EMBED_SWIFT_STANDARD_LIBRARIES = YES;
				BUNDLE_LOADER = "$(TEST_HOST)";
				CODE_SIGN_STYLE = Automatic;
				INFOPLIST_FILE = TableViewTests/Info.plist;
				LD_RUNPATH_SEARCH_PATHS = (
					"$(inherited)",
					"@executable_path/Frameworks",
					"@loader_path/Frameworks",
				);
				PRODUCT_BUNDLE_IDENTIFIER = mx.fer.TableViewTests;
				PRODUCT_NAME = "$(TARGET_NAME)";
				SWIFT_VERSION = 5.0;
				TARGETED_DEVICE_FAMILY = "1,2";
				TEST_HOST = "$(BUILT_PRODUCTS_DIR)/TableView.app/TableView";
			};
			name = Debug;
		};
		3DBCD563232C3804002A8974 /* Release */ = {
			isa = XCBuildConfiguration;
			buildSettings = {
				ALWAYS_EMBED_SWIFT_STANDARD_LIBRARIES = YES;
				BUNDLE_LOADER = "$(TEST_HOST)";
				CODE_SIGN_STYLE = Automatic;
				INFOPLIST_FILE = TableViewTests/Info.plist;
				LD_RUNPATH_SEARCH_PATHS = (
					"$(inherited)",
					"@executable_path/Frameworks",
					"@loader_path/Frameworks",
				);
				PRODUCT_BUNDLE_IDENTIFIER = mx.fer.TableViewTests;
				PRODUCT_NAME = "$(TARGET_NAME)";
				SWIFT_VERSION = 5.0;
				TARGETED_DEVICE_FAMILY = "1,2";
				TEST_HOST = "$(BUILT_PRODUCTS_DIR)/TableView.app/TableView";
			};
			name = Release;
		};
		3DBCD565232C3804002A8974 /* Debug */ = {
			isa = XCBuildConfiguration;
			buildSettings = {
				ALWAYS_EMBED_SWIFT_STANDARD_LIBRARIES = YES;
				CODE_SIGN_STYLE = Automatic;
				INFOPLIST_FILE = TableViewUITests/Info.plist;
				LD_RUNPATH_SEARCH_PATHS = (
					"$(inherited)",
					"@executable_path/Frameworks",
					"@loader_path/Frameworks",
				);
				PRODUCT_BUNDLE_IDENTIFIER = mx.fer.TableViewUITests;
				PRODUCT_NAME = "$(TARGET_NAME)";
				SWIFT_VERSION = 5.0;
				TARGETED_DEVICE_FAMILY = "1,2";
				TEST_TARGET_NAME = TableView;
			};
			name = Debug;
		};
		3DBCD566232C3804002A8974 /* Release */ = {
			isa = XCBuildConfiguration;
			buildSettings = {
				ALWAYS_EMBED_SWIFT_STANDARD_LIBRARIES = YES;
				CODE_SIGN_STYLE = Automatic;
				INFOPLIST_FILE = TableViewUITests/Info.plist;
				LD_RUNPATH_SEARCH_PATHS = (
					"$(inherited)",
					"@executable_path/Frameworks",
					"@loader_path/Frameworks",
				);
				PRODUCT_BUNDLE_IDENTIFIER = mx.fer.TableViewUITests;
				PRODUCT_NAME = "$(TARGET_NAME)";
				SWIFT_VERSION = 5.0;
				TARGETED_DEVICE_FAMILY = "1,2";
				TEST_TARGET_NAME = TableView;
			};
			name = Release;
		};
/* End XCBuildConfiguration section */

/* Begin XCConfigurationList section */
		3DBCD531232C37FE002A8974 /* Build configuration list for PBXProject "TableView" */ = {
			isa = XCConfigurationList;
			buildConfigurations = (
				3DBCD55C232C3804002A8974 /* Debug */,
				3DBCD55D232C3804002A8974 /* Release */,
			);
			defaultConfigurationIsVisible = 0;
			defaultConfigurationName = Release;
		};
		3DBCD55E232C3804002A8974 /* Build configuration list for PBXNativeTarget "TableView" */ = {
			isa = XCConfigurationList;
			buildConfigurations = (
				3DBCD55F232C3804002A8974 /* Debug */,
				3DBCD560232C3804002A8974 /* Release */,
			);
			defaultConfigurationIsVisible = 0;
			defaultConfigurationName = Release;
		};
		3DBCD561232C3804002A8974 /* Build configuration list for PBXNativeTarget "TableViewTests" */ = {
			isa = XCConfigurationList;
			buildConfigurations = (
				3DBCD562232C3804002A8974 /* Debug */,
				3DBCD563232C3804002A8974 /* Release */,
			);
			defaultConfigurationIsVisible = 0;
			defaultConfigurationName = Release;
		};
		3DBCD564232C3804002A8974 /* Build configuration list for PBXNativeTarget "TableViewUITests" */ = {
			isa = XCConfigurationList;
			buildConfigurations = (
				3DBCD565232C3804002A8974 /* Debug */,
				3DBCD566232C3804002A8974 /* Release */,
			);
			defaultConfigurationIsVisible = 0;
			defaultConfigurationName = Release;
		};
/* End XCConfigurationList section */
	};
	rootObject = 3DBCD52E232C37FE002A8974 /* Project object */;
}
